{
  "version": 4,
  "terraform_version": "1.8.2",
  "serial": 71,
  "lineage": "2f8e6cc5-1345-2acf-d0c9-68447fa41707",
  "outputs": {},
  "resources": [
    {
      "mode": "data",
      "type": "azurerm_virtual_machine",
      "name": "rhel_vm",
      "provider": "provider[\"registry.terraform.io/hashicorp/azurerm\"]",
      "instances": [
        {
          "schema_version": 0,
          "attributes": {
            "id": "/subscriptions/5a395407-07f8-47a9-b8bf-92c05227486c/resourceGroups/az-rg-01/providers/Microsoft.Compute/virtualMachines/azlinux03",
            "identity": [],
            "location": "eastus2",
            "name": "azlinux03",
            "power_state": null,
            "private_ip_address": "10.0.0.5",
            "private_ip_addresses": [
              "10.0.0.5"
            ],
            "public_ip_address": "40.84.59.185",
            "public_ip_addresses": [
              "40.84.59.185"
            ],
            "resource_group_name": "az-rg-01",
            "timeouts": null
          },
          "sensitive_attributes": []
        }
      ]
    },
    {
      "mode": "data",
      "type": "azurerm_virtual_machine",
      "name": "u_vm",
      "provider": "provider[\"registry.terraform.io/hashicorp/azurerm\"]",
      "instances": [
        {
          "schema_version": 0,
          "attributes": {
            "id": "/subscriptions/5a395407-07f8-47a9-b8bf-92c05227486c/resourceGroups/az-rg-01/providers/Microsoft.Compute/virtualMachines/azlinux02",
            "identity": [],
            "location": "eastus2",
            "name": "azlinux02",
            "power_state": null,
            "private_ip_address": "10.0.0.4",
            "private_ip_addresses": [
              "10.0.0.4"
            ],
            "public_ip_address": "52.252.108.255",
            "public_ip_addresses": [
              "52.252.108.255"
            ],
            "resource_group_name": "az-rg-01",
            "timeouts": null
          },
          "sensitive_attributes": []
        }
      ]
    },
    {
      "mode": "data",
      "type": "template_file",
      "name": "disk_initializationdb",
      "provider": "provider[\"registry.terraform.io/hashicorp/template\"]",
      "instances": [
        {
          "schema_version": 0,
          "attributes": {
            "filename": null,
            "id": "60fb6d45c5e4ad29adfd647d8da41a8925bea66b4d8b5f187fa96247dc136797",
            "rendered": "#For One Partition Created\n\nsudo parted /dev/sdc --script mklabel gpt mkpart xfspart xfs 0% 100%  ##Activating the Drive\nsudo mkfs.xfs /dev/sdc1\nsudo partprobe /dev/sdc1\nsudo mkdir /datadrive                                                 ##\nsudo mount /dev/sdc1 /datadrive\n",
            "template": "#For One Partition Created\n\nsudo parted /dev/sdc --script mklabel gpt mkpart xfspart xfs 0% 100%  ##Activating the Drive\nsudo mkfs.xfs /dev/sdc1\nsudo partprobe /dev/sdc1\nsudo mkdir /datadrive                                                 ##\nsudo mount /dev/sdc1 /datadrive\n",
            "vars": null
          },
          "sensitive_attributes": []
        }
      ]
    },
    {
      "mode": "data",
      "type": "template_file",
      "name": "python_installation",
      "provider": "provider[\"registry.terraform.io/hashicorp/template\"]",
      "instances": [
        {
          "schema_version": 0,
          "attributes": {
            "filename": null,
            "id": "88211e8961a33d398e68f400d32289e0814c56819979278ad8c1e0d8ec2b372f",
            "rendered": "#!/bin/bash\n\n# Custom diagnostics setup script\n\n# Ensure Python is installed\ncd /\n\n#For Red Hat\nsudo yum install python2\nsudo update-alternatives --remove-all python\nsudo ln -sf /bin/python2 /bin/python\n\n# Install any necessary packages or configurations for diagnostics\n# Example: Install sysstat for performance monitoring\n#sudo apt-get install -y sysstat\n\n\n",
            "template": "#!/bin/bash\n\n# Custom diagnostics setup script\n\n# Ensure Python is installed\ncd /\n\n#For Red Hat\nsudo yum install python2\nsudo update-alternatives --remove-all python\nsudo ln -sf /bin/python2 /bin/python\n\n# Install any necessary packages or configurations for diagnostics\n# Example: Install sysstat for performance monitoring\n#sudo apt-get install -y sysstat\n\n\n",
            "vars": null
          },
          "sensitive_attributes": []
        }
      ]
    },
    {
      "mode": "managed",
      "type": "azurerm_virtual_machine_extension",
      "name": "python_extension",
      "provider": "provider[\"registry.terraform.io/hashicorp/azurerm\"]",
      "instances": [
        {
          "schema_version": 0,
          "attributes": {
            "auto_upgrade_minor_version": false,
            "automatic_upgrade_enabled": false,
            "failure_suppression_enabled": false,
            "id": "/subscriptions/5a395407-07f8-47a9-b8bf-92c05227486c/resourceGroups/az-rg-01/providers/Microsoft.Compute/virtualMachines/azlinux03/extensions/Python_Initialization",
            "name": "Python_Initialization",
            "protected_settings": null,
            "protected_settings_from_key_vault": [],
            "provision_after_extensions": [],
            "publisher": "Microsoft.Azure.Extensions",
            "settings": "{\"commandToExecute\":\"#!/bin/bash\\n\\n# Custom diagnostics setup script\\n\\n# Ensure Python is installed\\ncd /\\n\\n#For Red Hat\\nsudo yum install python2\\nsudo update-alternatives --remove-all python\\nsudo ln -sf /bin/python2 /bin/python\\n\\n# Install any necessary packages or configurations for diagnostics\\n# Example: Install sysstat for performance monitoring\\n#sudo apt-get install -y sysstat\\n\\n\\n\"}",
            "tags": {
              "environment": "Production"
            },
            "timeouts": null,
            "type": "CustomScript",
            "type_handler_version": "2.0",
            "virtual_machine_id": "/subscriptions/5a395407-07f8-47a9-b8bf-92c05227486c/resourceGroups/az-rg-01/providers/Microsoft.Compute/virtualMachines/azlinux03"
          },
          "sensitive_attributes": [
            [
              {
                "type": "get_attr",
                "value": "protected_settings"
              }
            ]
          ],
          "private": "eyJlMmJmYjczMC1lY2FhLTExZTYtOGY4OC0zNDM2M2JjN2M0YzAiOnsiY3JlYXRlIjoxODAwMDAwMDAwMDAwLCJkZWxldGUiOjE4MDAwMDAwMDAwMDAsInJlYWQiOjMwMDAwMDAwMDAwMCwidXBkYXRlIjoxODAwMDAwMDAwMDAwfX0=",
          "dependencies": [
            "data.azurerm_virtual_machine.rhel_vm",
            "data.template_file.python_installation"
          ]
        }
      ]
    },
    {
      "module": "module.rg_1",
      "mode": "managed",
      "type": "azurerm_resource_group",
      "name": "rg",
      "provider": "provider[\"registry.terraform.io/hashicorp/azurerm\"]",
      "instances": [
        {
          "schema_version": 0,
          "attributes": {
            "id": "/subscriptions/5a395407-07f8-47a9-b8bf-92c05227486c/resourceGroups/az-rg-01",
            "location": "eastus2",
            "managed_by": "",
            "name": "az-rg-01",
            "tags": {
              "Critical": "5",
              "Deployment Group": "Azure CLI",
              "Environment": "Test",
              "Language": "Terraform"
            },
            "timeouts": null
          },
          "sensitive_attributes": [],
          "private": "eyJlMmJmYjczMC1lY2FhLTExZTYtOGY4OC0zNDM2M2JjN2M0YzAiOnsiY3JlYXRlIjo1NDAwMDAwMDAwMDAwLCJkZWxldGUiOjU0MDAwMDAwMDAwMDAsInJlYWQiOjMwMDAwMDAwMDAwMCwidXBkYXRlIjo1NDAwMDAwMDAwMDAwfX0="
        }
      ]
    },
    {
      "module": "module.vnet_1",
      "mode": "managed",
      "type": "azurerm_virtual_network",
      "name": "vnet",
      "provider": "provider[\"registry.terraform.io/hashicorp/azurerm\"]",
      "instances": [
        {
          "schema_version": 0,
          "attributes": {
            "address_space": [
              "10.0.0.0/16"
            ],
            "bgp_community": "",
            "ddos_protection_plan": [],
            "dns_servers": [],
            "edge_zone": "",
            "encryption": [],
            "flow_timeout_in_minutes": 0,
            "guid": "ac71d9fa-7d46-48da-9c76-e53868c22fa1",
            "id": "/subscriptions/5a395407-07f8-47a9-b8bf-92c05227486c/resourceGroups/az-rg-01/providers/Microsoft.Network/virtualNetworks/az-vnet-01",
            "location": "eastus2",
            "name": "az-vnet-01",
            "resource_group_name": "az-rg-01",
            "subnet": [
              {
                "address_prefix": "10.0.0.0/26",
                "id": "/subscriptions/5a395407-07f8-47a9-b8bf-92c05227486c/resourceGroups/az-rg-01/providers/Microsoft.Network/virtualNetworks/az-vnet-01/subnets/az-subnet-01",
                "name": "az-subnet-01",
                "security_group": ""
              },
              {
                "address_prefix": "10.0.1.0/26",
                "id": "/subscriptions/5a395407-07f8-47a9-b8bf-92c05227486c/resourceGroups/az-rg-01/providers/Microsoft.Network/virtualNetworks/az-vnet-01/subnets/az-subnet-02",
                "name": "az-subnet-02",
                "security_group": ""
              },
              {
                "address_prefix": "10.0.2.0/26",
                "id": "/subscriptions/5a395407-07f8-47a9-b8bf-92c05227486c/resourceGroups/az-rg-01/providers/Microsoft.Network/virtualNetworks/az-vnet-01/subnets/az-subnet-03",
                "name": "az-subnet-03",
                "security_group": ""
              }
            ],
            "tags": {
              "Critical": "5",
              "Deployment Group": "Azure CLI",
              "Environment": "Test",
              "Language": "Terraform"
            },
            "timeouts": null
          },
          "sensitive_attributes": [],
          "private": "eyJlMmJmYjczMC1lY2FhLTExZTYtOGY4OC0zNDM2M2JjN2M0YzAiOnsiY3JlYXRlIjoxODAwMDAwMDAwMDAwLCJkZWxldGUiOjE4MDAwMDAwMDAwMDAsInJlYWQiOjMwMDAwMDAwMDAwMCwidXBkYXRlIjoxODAwMDAwMDAwMDAwfX0="
        }
      ]
    }
  ],
  "check_results": null
}
