{
  "version": 4,
  "terraform_version": "1.8.2",
  "serial": 3,
  "lineage": "34e50c49-4470-29a7-26b5-dbf177816ccd",
  "outputs": {},
  "resources": [
    {
      "module": "module.rg_1",
      "mode": "managed",
      "type": "azurerm_resource_group",
      "name": "rg",
      "provider": "provider[\"registry.terraform.io/hashicorp/azurerm\"]",
      "instances": [
        {
          "schema_version": 0,
          "attributes": {
            "id": "/subscriptions/5a395407-07f8-47a9-b8bf-92c05227486c/resourceGroups/az-rg-01",
            "location": "eastus2",
            "managed_by": "",
            "name": "az-rg-01",
            "tags": {
              "Critical": "5",
              "Deployment Group": "Azure CLI",
              "Environment": "Test",
              "Language": "Terraform"
            },
            "timeouts": null
          },
          "sensitive_attributes": [],
          "private": "eyJlMmJmYjczMC1lY2FhLTExZTYtOGY4OC0zNDM2M2JjN2M0YzAiOnsiY3JlYXRlIjo1NDAwMDAwMDAwMDAwLCJkZWxldGUiOjU0MDAwMDAwMDAwMDAsInJlYWQiOjMwMDAwMDAwMDAwMCwidXBkYXRlIjo1NDAwMDAwMDAwMDAwfX0="
        }
      ]
    }
  ],
  "check_results": null
}
