{
  "version": 4,
  "terraform_version": "1.8.2",
  "serial": 19,
  "lineage": "a457887b-83bd-4ca0-32a4-1a0ddbb1dd89",
  "outputs": {},
  "resources": [
    {
      "mode": "data",
      "type": "azurerm_subnet",
      "name": "subnet_id",
      "provider": "provider[\"registry.terraform.io/hashicorp/azurerm\"]",
      "instances": [
        {
          "schema_version": 0,
          "attributes": {
            "address_prefix": "10.0.2.0/26",
            "address_prefixes": [
              "10.0.2.0/26"
            ],
            "enforce_private_link_endpoint_network_policies": true,
            "enforce_private_link_service_network_policies": false,
            "id": "/subscriptions/5a395407-07f8-47a9-b8bf-92c05227486c/resourceGroups/az-rg-01/providers/Microsoft.Network/virtualNetworks/az-vnet-01/subnets/az-subnet-03",
            "name": "az-subnet-03",
            "network_security_group_id": "",
            "private_endpoint_network_policies_enabled": false,
            "private_link_service_network_policies_enabled": true,
            "resource_group_name": "az-rg-01",
            "route_table_id": "",
            "service_endpoints": [],
            "timeouts": null,
            "virtual_network_name": "az-vnet-01"
          },
          "sensitive_attributes": []
        }
      ]
    },
    {
      "mode": "data",
      "type": "azurerm_virtual_machine",
      "name": "vm_ext",
      "provider": "provider[\"registry.terraform.io/hashicorp/azurerm\"]",
      "instances": [
        {
          "schema_version": 0,
          "attributes": {
            "id": "/subscriptions/5a395407-07f8-47a9-b8bf-92c05227486c/resourceGroups/az-rg-01/providers/Microsoft.Compute/virtualMachines/az-linux-01",
            "identity": [],
            "location": "eastus2",
            "name": "az-linux-01",
            "power_state": null,
            "private_ip_address": "10.0.2.7",
            "private_ip_addresses": [
              "10.0.2.7"
            ],
            "public_ip_address": "",
            "public_ip_addresses": [],
            "resource_group_name": "az-rg-01",
            "timeouts": null
          },
          "sensitive_attributes": []
        }
      ]
    },
    {
      "mode": "data",
      "type": "template_file",
      "name": "disk_initializationdb",
      "provider": "provider[\"registry.terraform.io/hashicorp/template\"]",
      "instances": [
        {
          "schema_version": 0,
          "attributes": {
            "filename": null,
            "id": "1852b87a335834ad696c1c1abb14cc9915780e45be17eca2cb3adfdb67a3ec5e",
            "rendered": "sudo parted /dev/sdc --script mklabel gpt mkpart xfspart xfs 0% 100%\nsudo mkfs.xfs /dev/sdc1\nsudo partprobe /dev/sdc1\nsudo mkdir /datadrive\nsudo mount /dev/sdc1 /datadrive\n",
            "template": "sudo parted /dev/sdc --script mklabel gpt mkpart xfspart xfs 0% 100%\nsudo mkfs.xfs /dev/sdc1\nsudo partprobe /dev/sdc1\nsudo mkdir /datadrive\nsudo mount /dev/sdc1 /datadrive\n",
            "vars": null
          },
          "sensitive_attributes": []
        }
      ]
    },
    {
      "mode": "managed",
      "type": "azurerm_virtual_machine_extension",
      "name": "linux_extension",
      "provider": "provider[\"registry.terraform.io/hashicorp/azurerm\"]",
      "instances": [
        {
          "schema_version": 0,
          "attributes": {
            "auto_upgrade_minor_version": false,
            "automatic_upgrade_enabled": false,
            "failure_suppression_enabled": false,
            "id": "/subscriptions/5a395407-07f8-47a9-b8bf-92c05227486c/resourceGroups/az-rg-01/providers/Microsoft.Compute/virtualMachines/az-linux-01/extensions/CustomScriptExtensionLinuxk",
            "name": "CustomScriptExtensionLinuxk",
            "protected_settings": null,
            "protected_settings_from_key_vault": [],
            "provision_after_extensions": null,
            "publisher": "Microsoft.Azure.Extensions",
            "settings": "{\"commandToExecute\":\"sudo parted /dev/sdc --script mklabel gpt mkpart xfspart xfs 0% 100%\\nsudo mkfs.xfs /dev/sdc1\\nsudo partprobe /dev/sdc1\\nsudo mkdir /datadrive\\nsudo mount /dev/sdc1 /datadrive\\n\"}",
            "tags": {
              "environment": "Production"
            },
            "timeouts": null,
            "type": "CustomScript",
            "type_handler_version": "2.0",
            "virtual_machine_id": "/subscriptions/5a395407-07f8-47a9-b8bf-92c05227486c/resourceGroups/az-rg-01/providers/Microsoft.Compute/virtualMachines/az-linux-01"
          },
          "sensitive_attributes": [
            [
              {
                "type": "get_attr",
                "value": "protected_settings"
              }
            ]
          ],
          "private": "eyJlMmJmYjczMC1lY2FhLTExZTYtOGY4OC0zNDM2M2JjN2M0YzAiOnsiY3JlYXRlIjoxODAwMDAwMDAwMDAwLCJkZWxldGUiOjE4MDAwMDAwMDAwMDAsInJlYWQiOjMwMDAwMDAwMDAwMCwidXBkYXRlIjoxODAwMDAwMDAwMDAwfX0=",
          "dependencies": [
            "data.azurerm_virtual_machine.vm_ext",
            "data.template_file.disk_initializationdb"
          ]
        }
      ]
    },
    {
      "module": "module.linux_vm_01",
      "mode": "managed",
      "type": "azurerm_linux_virtual_machine",
      "name": "name",
      "provider": "provider[\"registry.terraform.io/hashicorp/azurerm\"]",
      "instances": [
        {
          "schema_version": 0,
          "attributes": {
            "additional_capabilities": [],
            "admin_password": "TestAdmin@123",
            "admin_ssh_key": [],
            "admin_username": "TestAdmin",
            "allow_extension_operations": true,
            "availability_set_id": "",
            "boot_diagnostics": [],
            "bypass_platform_safety_checks_on_user_schedule_enabled": false,
            "capacity_reservation_group_id": "",
            "computer_name": "az-linux-01",
            "custom_data": null,
            "dedicated_host_group_id": "",
            "dedicated_host_id": "",
            "disable_password_authentication": false,
            "disk_controller_type": "SCSI",
            "edge_zone": "",
            "encryption_at_host_enabled": false,
            "eviction_policy": "",
            "extensions_time_budget": "PT1H30M",
            "gallery_application": [],
            "id": "/subscriptions/5a395407-07f8-47a9-b8bf-92c05227486c/resourceGroups/az-rg-01/providers/Microsoft.Compute/virtualMachines/az-linux-01",
            "identity": [],
            "license_type": "",
            "location": "eastus2",
            "max_bid_price": -1,
            "name": "az-linux-01",
            "network_interface_ids": [
              "/subscriptions/5a395407-07f8-47a9-b8bf-92c05227486c/resourceGroups/az-rg-01/providers/Microsoft.Network/networkInterfaces/az-linux-01-nic"
            ],
            "os_disk": [
              {
                "caching": "None",
                "diff_disk_settings": [],
                "disk_encryption_set_id": "",
                "disk_size_gb": 64,
                "name": "az-linux-01-OS_disk",
                "secure_vm_disk_encryption_set_id": "",
                "security_encryption_type": "",
                "storage_account_type": "Standard_LRS",
                "write_accelerator_enabled": false
              }
            ],
            "os_image_notification": [],
            "patch_assessment_mode": "ImageDefault",
            "patch_mode": "ImageDefault",
            "plan": [],
            "platform_fault_domain": -1,
            "priority": "Regular",
            "private_ip_address": "10.0.2.7",
            "private_ip_addresses": [
              "10.0.2.7"
            ],
            "provision_vm_agent": true,
            "proximity_placement_group_id": "",
            "public_ip_address": "",
            "public_ip_addresses": [],
            "reboot_setting": "",
            "resource_group_name": "az-rg-01",
            "secret": [],
            "secure_boot_enabled": false,
            "size": "Standard_D2s_v3",
            "source_image_id": "",
            "source_image_reference": [
              {
                "offer": "RHEL",
                "publisher": "RedHat",
                "sku": "90-gen2",
                "version": "latest"
              }
            ],
            "tags": {
              "Critical": "5",
              "Deployment Group": "Azure CLI",
              "Environment": "Test",
              "Language": "Terraform"
            },
            "termination_notification": [],
            "timeouts": null,
            "user_data": "",
            "virtual_machine_id": "f71ca188-ffc6-423b-86c4-edc5564b1c97",
            "virtual_machine_scale_set_id": "",
            "vm_agent_platform_updates_enabled": false,
            "vtpm_enabled": false,
            "zone": ""
          },
          "sensitive_attributes": [
            [
              {
                "type": "get_attr",
                "value": "custom_data"
              }
            ],
            [
              {
                "type": "get_attr",
                "value": "admin_password"
              }
            ]
          ],
          "private": "eyJlMmJmYjczMC1lY2FhLTExZTYtOGY4OC0zNDM2M2JjN2M0YzAiOnsiY3JlYXRlIjoyNzAwMDAwMDAwMDAwLCJkZWxldGUiOjI3MDAwMDAwMDAwMDAsInJlYWQiOjMwMDAwMDAwMDAwMCwidXBkYXRlIjoyNzAwMDAwMDAwMDAwfX0=",
          "dependencies": [
            "data.azurerm_subnet.subnet_id",
            "module.linux_vm_01.azurerm_network_interface.nic"
          ]
        }
      ]
    },
    {
      "module": "module.linux_vm_01",
      "mode": "managed",
      "type": "azurerm_managed_disk",
      "name": "disk",
      "provider": "provider[\"registry.terraform.io/hashicorp/azurerm\"]",
      "instances": [
        {
          "schema_version": 1,
          "attributes": {
            "create_option": "Empty",
            "disk_access_id": "",
            "disk_encryption_set_id": "",
            "disk_iops_read_only": 0,
            "disk_iops_read_write": 500,
            "disk_mbps_read_only": 0,
            "disk_mbps_read_write": 60,
            "disk_size_gb": 10,
            "edge_zone": "",
            "encryption_settings": [],
            "gallery_image_reference_id": "",
            "hyper_v_generation": "",
            "id": "/subscriptions/5a395407-07f8-47a9-b8bf-92c05227486c/resourceGroups/az-rg-01/providers/Microsoft.Compute/disks/datadisk1",
            "image_reference_id": "",
            "location": "eastus2",
            "logical_sector_size": null,
            "max_shares": 0,
            "name": "datadisk1",
            "network_access_policy": null,
            "on_demand_bursting_enabled": false,
            "optimized_frequent_attach_enabled": false,
            "os_type": "",
            "performance_plus_enabled": false,
            "public_network_access_enabled": true,
            "resource_group_name": "az-rg-01",
            "secure_vm_disk_encryption_set_id": "",
            "security_type": "",
            "source_resource_id": "",
            "source_uri": "",
            "storage_account_id": "",
            "storage_account_type": "Standard_LRS",
            "tags": {},
            "tier": "",
            "timeouts": null,
            "trusted_launch_enabled": false,
            "upload_size_bytes": 0,
            "zone": ""
          },
          "sensitive_attributes": [],
          "private": "eyJlMmJmYjczMC1lY2FhLTExZTYtOGY4OC0zNDM2M2JjN2M0YzAiOnsiY3JlYXRlIjoxODAwMDAwMDAwMDAwLCJkZWxldGUiOjE4MDAwMDAwMDAwMDAsInJlYWQiOjMwMDAwMDAwMDAwMCwidXBkYXRlIjoxODAwMDAwMDAwMDAwfSwic2NoZW1hX3ZlcnNpb24iOiIxIn0="
        }
      ]
    },
    {
      "module": "module.linux_vm_01",
      "mode": "managed",
      "type": "azurerm_network_interface",
      "name": "nic",
      "provider": "provider[\"registry.terraform.io/hashicorp/azurerm\"]",
      "instances": [
        {
          "schema_version": 0,
          "attributes": {
            "applied_dns_servers": [],
            "auxiliary_mode": "",
            "auxiliary_sku": "",
            "dns_servers": [],
            "edge_zone": "",
            "enable_accelerated_networking": false,
            "enable_ip_forwarding": false,
            "id": "/subscriptions/5a395407-07f8-47a9-b8bf-92c05227486c/resourceGroups/az-rg-01/providers/Microsoft.Network/networkInterfaces/az-linux-01-nic",
            "internal_dns_name_label": "",
            "internal_domain_name_suffix": "sue1wofrvyeudhgs4wawds3vzd.cx.internal.cloudapp.net",
            "ip_configuration": [
              {
                "gateway_load_balancer_frontend_ip_configuration_id": "",
                "name": "az-linux-01-nic01",
                "primary": true,
                "private_ip_address": "10.0.2.7",
                "private_ip_address_allocation": "Static",
                "private_ip_address_version": "IPv4",
                "public_ip_address_id": "",
                "subnet_id": "/subscriptions/5a395407-07f8-47a9-b8bf-92c05227486c/resourceGroups/az-rg-01/providers/Microsoft.Network/virtualNetworks/az-vnet-01/subnets/az-subnet-03"
              }
            ],
            "location": "eastus2",
            "mac_address": "60-45-BD-BC-FD-4E",
            "name": "az-linux-01-nic",
            "private_ip_address": "10.0.2.7",
            "private_ip_addresses": [
              "10.0.2.7"
            ],
            "resource_group_name": "az-rg-01",
            "tags": {
              "Critical": "5",
              "Deployment Group": "Azure CLI",
              "Environment": "Test",
              "Language": "Terraform"
            },
            "timeouts": null,
            "virtual_machine_id": "/subscriptions/5a395407-07f8-47a9-b8bf-92c05227486c/resourceGroups/az-rg-01/providers/Microsoft.Compute/virtualMachines/az-linux-01"
          },
          "sensitive_attributes": [],
          "private": "eyJlMmJmYjczMC1lY2FhLTExZTYtOGY4OC0zNDM2M2JjN2M0YzAiOnsiY3JlYXRlIjoxODAwMDAwMDAwMDAwLCJkZWxldGUiOjE4MDAwMDAwMDAwMDAsInJlYWQiOjMwMDAwMDAwMDAwMCwidXBkYXRlIjoxODAwMDAwMDAwMDAwfX0=",
          "dependencies": [
            "data.azurerm_subnet.subnet_id"
          ]
        }
      ]
    },
    {
      "module": "module.linux_vm_01",
      "mode": "managed",
      "type": "azurerm_virtual_machine_data_disk_attachment",
      "name": "name",
      "provider": "provider[\"registry.terraform.io/hashicorp/azurerm\"]",
      "instances": [
        {
          "schema_version": 0,
          "attributes": {
            "caching": "ReadWrite",
            "create_option": "Attach",
            "id": "/subscriptions/5a395407-07f8-47a9-b8bf-92c05227486c/resourceGroups/az-rg-01/providers/Microsoft.Compute/virtualMachines/az-linux-01/dataDisks/datadisk1",
            "lun": 1,
            "managed_disk_id": "/subscriptions/5a395407-07f8-47a9-b8bf-92c05227486c/resourceGroups/az-rg-01/providers/Microsoft.Compute/disks/datadisk1",
            "timeouts": null,
            "virtual_machine_id": "/subscriptions/5a395407-07f8-47a9-b8bf-92c05227486c/resourceGroups/az-rg-01/providers/Microsoft.Compute/virtualMachines/az-linux-01",
            "write_accelerator_enabled": false
          },
          "sensitive_attributes": [],
          "private": "eyJlMmJmYjczMC1lY2FhLTExZTYtOGY4OC0zNDM2M2JjN2M0YzAiOnsiY3JlYXRlIjoxODAwMDAwMDAwMDAwLCJkZWxldGUiOjE4MDAwMDAwMDAwMDAsInJlYWQiOjMwMDAwMDAwMDAwMCwidXBkYXRlIjoxODAwMDAwMDAwMDAwfX0=",
          "dependencies": [
            "data.azurerm_subnet.subnet_id",
            "module.linux_vm_01.azurerm_linux_virtual_machine.name",
            "module.linux_vm_01.azurerm_managed_disk.disk",
            "module.linux_vm_01.azurerm_network_interface.nic"
          ]
        }
      ]
    },
    {
      "module": "module.rg_1",
      "mode": "data",
      "type": "azurerm_resource_group",
      "name": "rg",
      "provider": "provider[\"registry.terraform.io/hashicorp/azurerm\"]",
      "instances": [
        {
          "schema_version": 0,
          "attributes": {
            "id": "/subscriptions/5a395407-07f8-47a9-b8bf-92c05227486c/resourceGroups/az-rg-01",
            "location": "eastus2",
            "managed_by": "",
            "name": "az-rg-01",
            "tags": {
              "Critical": "5",
              "Deployment Group": "Azure CLI",
              "Environment": "Test",
              "Language": "Terraform"
            },
            "timeouts": null
          },
          "sensitive_attributes": []
        }
      ]
    },
    {
      "module": "module.rg_1",
      "mode": "managed",
      "type": "azurerm_resource_group",
      "name": "rg",
      "provider": "provider[\"registry.terraform.io/hashicorp/azurerm\"]",
      "instances": [
        {
          "schema_version": 0,
          "attributes": {
            "id": "/subscriptions/5a395407-07f8-47a9-b8bf-92c05227486c/resourceGroups/az-rg-01",
            "location": "eastus2",
            "managed_by": "",
            "name": "az-rg-01",
            "tags": {
              "Critical": "5",
              "Deployment Group": "Azure CLI",
              "Environment": "Test",
              "Language": "Terraform"
            },
            "timeouts": null
          },
          "sensitive_attributes": [],
          "private": "eyJlMmJmYjczMC1lY2FhLTExZTYtOGY4OC0zNDM2M2JjN2M0YzAiOnsiY3JlYXRlIjo1NDAwMDAwMDAwMDAwLCJkZWxldGUiOjU0MDAwMDAwMDAwMDAsInJlYWQiOjMwMDAwMDAwMDAwMCwidXBkYXRlIjo1NDAwMDAwMDAwMDAwfX0="
        }
      ]
    },
    {
      "module": "module.vnet_1",
      "mode": "managed",
      "type": "azurerm_virtual_network",
      "name": "vnet",
      "provider": "provider[\"registry.terraform.io/hashicorp/azurerm\"]",
      "instances": [
        {
          "schema_version": 0,
          "attributes": {
            "address_space": [
              "10.0.0.0/16"
            ],
            "bgp_community": "",
            "ddos_protection_plan": [],
            "dns_servers": [],
            "edge_zone": "",
            "encryption": [],
            "flow_timeout_in_minutes": 0,
            "guid": "38bb0995-aeb1-4109-9cd2-f58161cbb5cb",
            "id": "/subscriptions/5a395407-07f8-47a9-b8bf-92c05227486c/resourceGroups/az-rg-01/providers/Microsoft.Network/virtualNetworks/az-vnet-01",
            "location": "eastus2",
            "name": "az-vnet-01",
            "resource_group_name": "az-rg-01",
            "subnet": [
              {
                "address_prefix": "10.0.0.0/26",
                "id": "/subscriptions/5a395407-07f8-47a9-b8bf-92c05227486c/resourceGroups/az-rg-01/providers/Microsoft.Network/virtualNetworks/az-vnet-01/subnets/az-subnet-01",
                "name": "az-subnet-01",
                "security_group": ""
              },
              {
                "address_prefix": "10.0.1.0/26",
                "id": "/subscriptions/5a395407-07f8-47a9-b8bf-92c05227486c/resourceGroups/az-rg-01/providers/Microsoft.Network/virtualNetworks/az-vnet-01/subnets/az-subnet-02",
                "name": "az-subnet-02",
                "security_group": ""
              },
              {
                "address_prefix": "10.0.2.0/26",
                "id": "/subscriptions/5a395407-07f8-47a9-b8bf-92c05227486c/resourceGroups/az-rg-01/providers/Microsoft.Network/virtualNetworks/az-vnet-01/subnets/az-subnet-03",
                "name": "az-subnet-03",
                "security_group": ""
              }
            ],
            "tags": {
              "Critical": "5",
              "Deployment Group": "Azure CLI",
              "Environment": "Test",
              "Language": "Terraform"
            },
            "timeouts": null
          },
          "sensitive_attributes": [],
          "private": "eyJlMmJmYjczMC1lY2FhLTExZTYtOGY4OC0zNDM2M2JjN2M0YzAiOnsiY3JlYXRlIjoxODAwMDAwMDAwMDAwLCJkZWxldGUiOjE4MDAwMDAwMDAwMDAsInJlYWQiOjMwMDAwMDAwMDAwMCwidXBkYXRlIjoxODAwMDAwMDAwMDAwfX0="
        }
      ]
    }
  ],
  "check_results": null
}
