{
  "version": 4,
  "terraform_version": "1.8.2",
  "serial": 23,
  "lineage": "02823872-8a7b-8737-cd92-2f057147d1df",
  "outputs": {
    "linux_vm_01_id": {
      "value": "/subscriptions/5a395407-07f8-47a9-b8bf-92c05227486c/resourceGroups/az-rg-01/providers/Microsoft.Compute/virtualMachines/az-linux-01",
      "type": "string"
    }
  },
  "resources": [
    {
      "mode": "data",
      "type": "azurerm_subnet",
      "name": "subnet_id",
      "provider": "provider[\"registry.terraform.io/hashicorp/azurerm\"]",
      "instances": [
        {
          "schema_version": 0,
          "attributes": {
            "address_prefix": "10.0.2.0/26",
            "address_prefixes": [
              "10.0.2.0/26"
            ],
            "enforce_private_link_endpoint_network_policies": true,
            "enforce_private_link_service_network_policies": false,
            "id": "/subscriptions/5a395407-07f8-47a9-b8bf-92c05227486c/resourceGroups/az-rg-01/providers/Microsoft.Network/virtualNetworks/az-vnet-01/subnets/az-subnet-03",
            "name": "az-subnet-03",
            "network_security_group_id": "",
            "private_endpoint_network_policies_enabled": false,
            "private_link_service_network_policies_enabled": true,
            "resource_group_name": "az-rg-01",
            "route_table_id": "",
            "service_endpoints": [],
            "timeouts": null,
            "virtual_network_name": "az-vnet-01"
          },
          "sensitive_attributes": []
        }
      ]
    },
    {
      "module": "module.linux_vm_01",
      "mode": "managed",
      "type": "azurerm_linux_virtual_machine",
      "name": "name",
      "provider": "provider[\"registry.terraform.io/hashicorp/azurerm\"]",
      "instances": [
        {
          "schema_version": 0,
          "attributes": {
            "additional_capabilities": [],
            "admin_password": "TestAdmin@123",
            "admin_ssh_key": [],
            "admin_username": "TestAdmin",
            "allow_extension_operations": true,
            "availability_set_id": "",
            "boot_diagnostics": [],
            "bypass_platform_safety_checks_on_user_schedule_enabled": false,
            "capacity_reservation_group_id": "",
            "computer_name": "az-linux-01",
            "custom_data": null,
            "dedicated_host_group_id": "",
            "dedicated_host_id": "",
            "disable_password_authentication": false,
            "disk_controller_type": "SCSI",
            "edge_zone": "",
            "encryption_at_host_enabled": false,
            "eviction_policy": "",
            "extensions_time_budget": "PT1H30M",
            "gallery_application": [],
            "id": "/subscriptions/5a395407-07f8-47a9-b8bf-92c05227486c/resourceGroups/az-rg-01/providers/Microsoft.Compute/virtualMachines/az-linux-01",
            "identity": [],
            "license_type": "",
            "location": "eastus2",
            "max_bid_price": -1,
            "name": "az-linux-01",
            "network_interface_ids": [
              "/subscriptions/5a395407-07f8-47a9-b8bf-92c05227486c/resourceGroups/az-rg-01/providers/Microsoft.Network/networkInterfaces/az-linux-01-nic"
            ],
            "os_disk": [
              {
                "caching": "None",
                "diff_disk_settings": [],
                "disk_encryption_set_id": "",
                "disk_size_gb": 64,
                "name": "az-linux-01-OS_disk",
                "secure_vm_disk_encryption_set_id": "",
                "security_encryption_type": "",
                "storage_account_type": "Standard_LRS",
                "write_accelerator_enabled": false
              }
            ],
            "os_image_notification": [],
            "patch_assessment_mode": "ImageDefault",
            "patch_mode": "ImageDefault",
            "plan": [],
            "platform_fault_domain": -1,
            "priority": "Regular",
            "private_ip_address": "10.0.2.7",
            "private_ip_addresses": [
              "10.0.2.7"
            ],
            "provision_vm_agent": true,
            "proximity_placement_group_id": "",
            "public_ip_address": "",
            "public_ip_addresses": [],
            "reboot_setting": "",
            "resource_group_name": "az-rg-01",
            "secret": [],
            "secure_boot_enabled": false,
            "size": "Standard_D2s_v3",
            "source_image_id": "",
            "source_image_reference": [
              {
                "offer": "RHEL",
                "publisher": "RedHat",
                "sku": "90-gen2",
                "version": "latest"
              }
            ],
            "tags": {
              "Critical": "5",
              "Deployment Group": "Azure CLI",
              "Environment": "Test",
              "Language": "Terraform"
            },
            "termination_notification": [],
            "timeouts": null,
            "user_data": "",
            "virtual_machine_id": "fe8bc7af-cac3-467f-9ea9-30ea8c54a5f8",
            "virtual_machine_scale_set_id": "",
            "vm_agent_platform_updates_enabled": false,
            "vtpm_enabled": false,
            "zone": ""
          },
          "sensitive_attributes": [
            [
              {
                "type": "get_attr",
                "value": "custom_data"
              }
            ],
            [
              {
                "type": "get_attr",
                "value": "admin_password"
              }
            ]
          ],
          "private": "eyJlMmJmYjczMC1lY2FhLTExZTYtOGY4OC0zNDM2M2JjN2M0YzAiOnsiY3JlYXRlIjoyNzAwMDAwMDAwMDAwLCJkZWxldGUiOjI3MDAwMDAwMDAwMDAsInJlYWQiOjMwMDAwMDAwMDAwMCwidXBkYXRlIjoyNzAwMDAwMDAwMDAwfX0=",
          "dependencies": [
            "data.azurerm_subnet.subnet_id",
            "module.linux_vm_01.azurerm_network_interface.nic"
          ]
        }
      ]
    },
    {
      "module": "module.linux_vm_01",
      "mode": "managed",
      "type": "azurerm_managed_disk",
      "name": "disk",
      "provider": "provider[\"registry.terraform.io/hashicorp/azurerm\"]",
      "instances": [
        {
          "schema_version": 1,
          "attributes": {
            "create_option": "Empty",
            "disk_access_id": "",
            "disk_encryption_set_id": "",
            "disk_iops_read_only": 0,
            "disk_iops_read_write": 500,
            "disk_mbps_read_only": 0,
            "disk_mbps_read_write": 60,
            "disk_size_gb": 10,
            "edge_zone": "",
            "encryption_settings": [],
            "gallery_image_reference_id": "",
            "hyper_v_generation": "",
            "id": "/subscriptions/5a395407-07f8-47a9-b8bf-92c05227486c/resourceGroups/az-rg-01/providers/Microsoft.Compute/disks/datadisk1",
            "image_reference_id": "",
            "location": "eastus2",
            "logical_sector_size": null,
            "max_shares": 0,
            "name": "datadisk1",
            "network_access_policy": null,
            "on_demand_bursting_enabled": false,
            "optimized_frequent_attach_enabled": false,
            "os_type": "",
            "performance_plus_enabled": false,
            "public_network_access_enabled": true,
            "resource_group_name": "az-rg-01",
            "secure_vm_disk_encryption_set_id": "",
            "security_type": "",
            "source_resource_id": "",
            "source_uri": "",
            "storage_account_id": "",
            "storage_account_type": "Standard_LRS",
            "tags": {},
            "tier": "",
            "timeouts": null,
            "trusted_launch_enabled": false,
            "upload_size_bytes": 0,
            "zone": ""
          },
          "sensitive_attributes": [],
          "private": "eyJlMmJmYjczMC1lY2FhLTExZTYtOGY4OC0zNDM2M2JjN2M0YzAiOnsiY3JlYXRlIjoxODAwMDAwMDAwMDAwLCJkZWxldGUiOjE4MDAwMDAwMDAwMDAsInJlYWQiOjMwMDAwMDAwMDAwMCwidXBkYXRlIjoxODAwMDAwMDAwMDAwfSwic2NoZW1hX3ZlcnNpb24iOiIxIn0="
        }
      ]
    },
    {
      "module": "module.linux_vm_01",
      "mode": "managed",
      "type": "azurerm_network_interface",
      "name": "nic",
      "provider": "provider[\"registry.terraform.io/hashicorp/azurerm\"]",
      "instances": [
        {
          "schema_version": 0,
          "attributes": {
            "applied_dns_servers": [],
            "auxiliary_mode": "",
            "auxiliary_sku": "",
            "dns_servers": [],
            "edge_zone": "",
            "enable_accelerated_networking": false,
            "enable_ip_forwarding": false,
            "id": "/subscriptions/5a395407-07f8-47a9-b8bf-92c05227486c/resourceGroups/az-rg-01/providers/Microsoft.Network/networkInterfaces/az-linux-01-nic",
            "internal_dns_name_label": "",
            "internal_domain_name_suffix": "ythwyxl5xnmexflnpwjbr0ij0d.cx.internal.cloudapp.net",
            "ip_configuration": [
              {
                "gateway_load_balancer_frontend_ip_configuration_id": "",
                "name": "az-linux-01-nic01",
                "primary": true,
                "private_ip_address": "10.0.2.7",
                "private_ip_address_allocation": "Static",
                "private_ip_address_version": "IPv4",
                "public_ip_address_id": "",
                "subnet_id": "/subscriptions/5a395407-07f8-47a9-b8bf-92c05227486c/resourceGroups/az-rg-01/providers/Microsoft.Network/virtualNetworks/az-vnet-01/subnets/az-subnet-03"
              }
            ],
            "location": "eastus2",
            "mac_address": "00-0D-3A-0E-74-6B",
            "name": "az-linux-01-nic",
            "private_ip_address": "10.0.2.7",
            "private_ip_addresses": [
              "10.0.2.7"
            ],
            "resource_group_name": "az-rg-01",
            "tags": {
              "Critical": "5",
              "Deployment Group": "Azure CLI",
              "Environment": "Test",
              "Language": "Terraform"
            },
            "timeouts": null,
            "virtual_machine_id": "/subscriptions/5a395407-07f8-47a9-b8bf-92c05227486c/resourceGroups/az-rg-01/providers/Microsoft.Compute/virtualMachines/az-linux-01"
          },
          "sensitive_attributes": [],
          "private": "eyJlMmJmYjczMC1lY2FhLTExZTYtOGY4OC0zNDM2M2JjN2M0YzAiOnsiY3JlYXRlIjoxODAwMDAwMDAwMDAwLCJkZWxldGUiOjE4MDAwMDAwMDAwMDAsInJlYWQiOjMwMDAwMDAwMDAwMCwidXBkYXRlIjoxODAwMDAwMDAwMDAwfX0=",
          "dependencies": [
            "data.azurerm_subnet.subnet_id"
          ]
        }
      ]
    },
    {
      "module": "module.linux_vm_01",
      "mode": "managed",
      "type": "azurerm_virtual_machine_data_disk_attachment",
      "name": "name",
      "provider": "provider[\"registry.terraform.io/hashicorp/azurerm\"]",
      "instances": [
        {
          "schema_version": 0,
          "attributes": {
            "caching": "ReadWrite",
            "create_option": "Attach",
            "id": "/subscriptions/5a395407-07f8-47a9-b8bf-92c05227486c/resourceGroups/az-rg-01/providers/Microsoft.Compute/virtualMachines/az-linux-01/dataDisks/datadisk1",
            "lun": 1,
            "managed_disk_id": "/subscriptions/5a395407-07f8-47a9-b8bf-92c05227486c/resourceGroups/az-rg-01/providers/Microsoft.Compute/disks/datadisk1",
            "timeouts": null,
            "virtual_machine_id": "/subscriptions/5a395407-07f8-47a9-b8bf-92c05227486c/resourceGroups/az-rg-01/providers/Microsoft.Compute/virtualMachines/az-linux-01",
            "write_accelerator_enabled": false
          },
          "sensitive_attributes": [],
          "private": "eyJlMmJmYjczMC1lY2FhLTExZTYtOGY4OC0zNDM2M2JjN2M0YzAiOnsiY3JlYXRlIjoxODAwMDAwMDAwMDAwLCJkZWxldGUiOjE4MDAwMDAwMDAwMDAsInJlYWQiOjMwMDAwMDAwMDAwMCwidXBkYXRlIjoxODAwMDAwMDAwMDAwfX0=",
          "dependencies": [
            "data.azurerm_subnet.subnet_id",
            "module.linux_vm_01.azurerm_linux_virtual_machine.name",
            "module.linux_vm_01.azurerm_managed_disk.disk",
            "module.linux_vm_01.azurerm_network_interface.nic"
          ]
        }
      ]
    },
    {
      "module": "module.rg_1",
      "mode": "managed",
      "type": "azurerm_resource_group",
      "name": "rg",
      "provider": "provider[\"registry.terraform.io/hashicorp/azurerm\"]",
      "instances": [
        {
          "schema_version": 0,
          "attributes": {
            "id": "/subscriptions/5a395407-07f8-47a9-b8bf-92c05227486c/resourceGroups/az-rg-01",
            "location": "eastus2",
            "managed_by": "",
            "name": "az-rg-01",
            "tags": {
              "Critical": "5",
              "Deployment Group": "Azure CLI",
              "Environment": "Test",
              "Language": "Terraform"
            },
            "timeouts": null
          },
          "sensitive_attributes": [],
          "private": "eyJlMmJmYjczMC1lY2FhLTExZTYtOGY4OC0zNDM2M2JjN2M0YzAiOnsiY3JlYXRlIjo1NDAwMDAwMDAwMDAwLCJkZWxldGUiOjU0MDAwMDAwMDAwMDAsInJlYWQiOjMwMDAwMDAwMDAwMCwidXBkYXRlIjo1NDAwMDAwMDAwMDAwfX0="
        }
      ]
    },
    {
      "module": "module.st_account",
      "mode": "data",
      "type": "azurerm_resource_group",
      "name": "rg",
      "provider": "provider[\"registry.terraform.io/hashicorp/azurerm\"]",
      "instances": [
        {
          "schema_version": 0,
          "attributes": {
            "id": "/subscriptions/5a395407-07f8-47a9-b8bf-92c05227486c/resourceGroups/az-rg-01",
            "location": "eastus2",
            "managed_by": "",
            "name": "az-rg-01",
            "tags": {
              "Critical": "5",
              "Deployment Group": "Azure CLI",
              "Environment": "Test",
              "Language": "Terraform"
            },
            "timeouts": null
          },
          "sensitive_attributes": []
        }
      ]
    },
    {
      "module": "module.st_account",
      "mode": "managed",
      "type": "azurerm_storage_account",
      "name": "example",
      "provider": "provider[\"registry.terraform.io/hashicorp/azurerm\"]",
      "instances": [
        {
          "schema_version": 4,
          "attributes": {
            "access_tier": "Hot",
            "account_kind": "StorageV2",
            "account_replication_type": "LRS",
            "account_tier": "Standard",
            "allow_nested_items_to_be_public": true,
            "allowed_copy_scope": "",
            "azure_files_authentication": [],
            "blob_properties": [
              {
                "change_feed_enabled": false,
                "change_feed_retention_in_days": 0,
                "container_delete_retention_policy": [],
                "cors_rule": [],
                "default_service_version": "",
                "delete_retention_policy": [],
                "last_access_time_enabled": false,
                "restore_policy": [],
                "versioning_enabled": false
              }
            ],
            "cross_tenant_replication_enabled": true,
            "custom_domain": [],
            "customer_managed_key": [],
            "default_to_oauth_authentication": false,
            "dns_endpoint_type": "Standard",
            "edge_zone": "",
            "enable_https_traffic_only": true,
            "id": "/subscriptions/5a395407-07f8-47a9-b8bf-92c05227486c/resourceGroups/az-rg-01/providers/Microsoft.Storage/storageAccounts/linuxdiagteststaccount01",
            "identity": [],
            "immutability_policy": [],
            "infrastructure_encryption_enabled": false,
            "is_hns_enabled": false,
            "large_file_share_enabled": null,
            "local_user_enabled": true,
            "location": "eastus2",
            "min_tls_version": "TLS1_2",
            "name": "linuxdiagteststaccount01",
            "network_rules": [
              {
                "bypass": [
                  "AzureServices"
                ],
                "default_action": "Allow",
                "ip_rules": [],
                "private_link_access": [],
                "virtual_network_subnet_ids": []
              }
            ],
            "nfsv3_enabled": false,
            "primary_access_key": "R4oXRyg95rHAiSDMlKJLdU/8rDvZA+9g1D9uxCLvdG8xeSeTsR/mKSSKc+RPaLWVujThHqD4GPL/+AStP4p5RA==",
            "primary_blob_connection_string": "DefaultEndpointsProtocol=https;BlobEndpoint=https://linuxdiagteststaccount01.blob.core.windows.net/;AccountName=linuxdiagteststaccount01;AccountKey=R4oXRyg95rHAiSDMlKJLdU/8rDvZA+9g1D9uxCLvdG8xeSeTsR/mKSSKc+RPaLWVujThHqD4GPL/+AStP4p5RA==",
            "primary_blob_endpoint": "https://linuxdiagteststaccount01.blob.core.windows.net/",
            "primary_blob_host": "linuxdiagteststaccount01.blob.core.windows.net",
            "primary_blob_internet_endpoint": "",
            "primary_blob_internet_host": "",
            "primary_blob_microsoft_endpoint": "",
            "primary_blob_microsoft_host": "",
            "primary_connection_string": "DefaultEndpointsProtocol=https;AccountName=linuxdiagteststaccount01;AccountKey=R4oXRyg95rHAiSDMlKJLdU/8rDvZA+9g1D9uxCLvdG8xeSeTsR/mKSSKc+RPaLWVujThHqD4GPL/+AStP4p5RA==;EndpointSuffix=core.windows.net",
            "primary_dfs_endpoint": "https://linuxdiagteststaccount01.dfs.core.windows.net/",
            "primary_dfs_host": "linuxdiagteststaccount01.dfs.core.windows.net",
            "primary_dfs_internet_endpoint": "",
            "primary_dfs_internet_host": "",
            "primary_dfs_microsoft_endpoint": "",
            "primary_dfs_microsoft_host": "",
            "primary_file_endpoint": "https://linuxdiagteststaccount01.file.core.windows.net/",
            "primary_file_host": "linuxdiagteststaccount01.file.core.windows.net",
            "primary_file_internet_endpoint": "",
            "primary_file_internet_host": "",
            "primary_file_microsoft_endpoint": "",
            "primary_file_microsoft_host": "",
            "primary_location": "eastus2",
            "primary_queue_endpoint": "https://linuxdiagteststaccount01.queue.core.windows.net/",
            "primary_queue_host": "linuxdiagteststaccount01.queue.core.windows.net",
            "primary_queue_microsoft_endpoint": "",
            "primary_queue_microsoft_host": "",
            "primary_table_endpoint": "https://linuxdiagteststaccount01.table.core.windows.net/",
            "primary_table_host": "linuxdiagteststaccount01.table.core.windows.net",
            "primary_table_microsoft_endpoint": "",
            "primary_table_microsoft_host": "",
            "primary_web_endpoint": "https://linuxdiagteststaccount01.z20.web.core.windows.net/",
            "primary_web_host": "linuxdiagteststaccount01.z20.web.core.windows.net",
            "primary_web_internet_endpoint": "",
            "primary_web_internet_host": "",
            "primary_web_microsoft_endpoint": "",
            "primary_web_microsoft_host": "",
            "public_network_access_enabled": true,
            "queue_encryption_key_type": "Service",
            "queue_properties": [
              {
                "cors_rule": [],
                "hour_metrics": [
                  {
                    "enabled": true,
                    "include_apis": true,
                    "retention_policy_days": 7,
                    "version": "1.0"
                  }
                ],
                "logging": [
                  {
                    "delete": false,
                    "read": false,
                    "retention_policy_days": 0,
                    "version": "1.0",
                    "write": false
                  }
                ],
                "minute_metrics": [
                  {
                    "enabled": false,
                    "include_apis": false,
                    "retention_policy_days": 0,
                    "version": "1.0"
                  }
                ]
              }
            ],
            "resource_group_name": "az-rg-01",
            "routing": [],
            "sas_policy": [],
            "secondary_access_key": "pfrMX1Ui6tr8IcWT/lrM0uuJpc2ka61dvkcwqF0w0AJ6sGn0nQ81pr1Vtd01KGoVsTDMWqa/sgvW+AStgETeNw==",
            "secondary_blob_connection_string": "",
            "secondary_blob_endpoint": null,
            "secondary_blob_host": null,
            "secondary_blob_internet_endpoint": null,
            "secondary_blob_internet_host": null,
            "secondary_blob_microsoft_endpoint": null,
            "secondary_blob_microsoft_host": null,
            "secondary_connection_string": "DefaultEndpointsProtocol=https;AccountName=linuxdiagteststaccount01;AccountKey=pfrMX1Ui6tr8IcWT/lrM0uuJpc2ka61dvkcwqF0w0AJ6sGn0nQ81pr1Vtd01KGoVsTDMWqa/sgvW+AStgETeNw==;EndpointSuffix=core.windows.net",
            "secondary_dfs_endpoint": null,
            "secondary_dfs_host": null,
            "secondary_dfs_internet_endpoint": null,
            "secondary_dfs_internet_host": null,
            "secondary_dfs_microsoft_endpoint": null,
            "secondary_dfs_microsoft_host": null,
            "secondary_file_endpoint": null,
            "secondary_file_host": null,
            "secondary_file_internet_endpoint": null,
            "secondary_file_internet_host": null,
            "secondary_file_microsoft_endpoint": null,
            "secondary_file_microsoft_host": null,
            "secondary_location": "",
            "secondary_queue_endpoint": null,
            "secondary_queue_host": null,
            "secondary_queue_microsoft_endpoint": null,
            "secondary_queue_microsoft_host": null,
            "secondary_table_endpoint": null,
            "secondary_table_host": null,
            "secondary_table_microsoft_endpoint": null,
            "secondary_table_microsoft_host": null,
            "secondary_web_endpoint": null,
            "secondary_web_host": null,
            "secondary_web_internet_endpoint": null,
            "secondary_web_internet_host": null,
            "secondary_web_microsoft_endpoint": null,
            "secondary_web_microsoft_host": null,
            "sftp_enabled": false,
            "share_properties": [
              {
                "cors_rule": [],
                "retention_policy": [
                  {
                    "days": 7
                  }
                ],
                "smb": []
              }
            ],
            "shared_access_key_enabled": true,
            "static_website": [],
            "table_encryption_key_type": "Service",
            "tags": {},
            "timeouts": null
          },
          "sensitive_attributes": [
            [
              {
                "type": "get_attr",
                "value": "secondary_connection_string"
              }
            ],
            [
              {
                "type": "get_attr",
                "value": "secondary_blob_connection_string"
              }
            ],
            [
              {
                "type": "get_attr",
                "value": "primary_blob_connection_string"
              }
            ],
            [
              {
                "type": "get_attr",
                "value": "secondary_access_key"
              }
            ],
            [
              {
                "type": "get_attr",
                "value": "primary_connection_string"
              }
            ],
            [
              {
                "type": "get_attr",
                "value": "primary_access_key"
              }
            ]
          ],
          "private": "eyJlMmJmYjczMC1lY2FhLTExZTYtOGY4OC0zNDM2M2JjN2M0YzAiOnsiY3JlYXRlIjozNjAwMDAwMDAwMDAwLCJkZWxldGUiOjM2MDAwMDAwMDAwMDAsInJlYWQiOjMwMDAwMDAwMDAwMCwidXBkYXRlIjozNjAwMDAwMDAwMDAwfSwic2NoZW1hX3ZlcnNpb24iOiI0In0=",
          "dependencies": [
            "module.st_account.data.azurerm_resource_group.rg"
          ]
        }
      ]
    },
    {
      "module": "module.vnet_1",
      "mode": "managed",
      "type": "azurerm_virtual_network",
      "name": "vnet",
      "provider": "provider[\"registry.terraform.io/hashicorp/azurerm\"]",
      "instances": [
        {
          "schema_version": 0,
          "attributes": {
            "address_space": [
              "10.0.0.0/16"
            ],
            "bgp_community": "",
            "ddos_protection_plan": [],
            "dns_servers": [],
            "edge_zone": "",
            "encryption": [],
            "flow_timeout_in_minutes": 0,
            "guid": "5d6ccfc4-bb7f-4b58-956d-7d9218e909d3",
            "id": "/subscriptions/5a395407-07f8-47a9-b8bf-92c05227486c/resourceGroups/az-rg-01/providers/Microsoft.Network/virtualNetworks/az-vnet-01",
            "location": "eastus2",
            "name": "az-vnet-01",
            "resource_group_name": "az-rg-01",
            "subnet": [
              {
                "address_prefix": "10.0.0.0/26",
                "id": "/subscriptions/5a395407-07f8-47a9-b8bf-92c05227486c/resourceGroups/az-rg-01/providers/Microsoft.Network/virtualNetworks/az-vnet-01/subnets/az-subnet-01",
                "name": "az-subnet-01",
                "security_group": ""
              },
              {
                "address_prefix": "10.0.1.0/26",
                "id": "/subscriptions/5a395407-07f8-47a9-b8bf-92c05227486c/resourceGroups/az-rg-01/providers/Microsoft.Network/virtualNetworks/az-vnet-01/subnets/az-subnet-02",
                "name": "az-subnet-02",
                "security_group": ""
              },
              {
                "address_prefix": "10.0.2.0/26",
                "id": "/subscriptions/5a395407-07f8-47a9-b8bf-92c05227486c/resourceGroups/az-rg-01/providers/Microsoft.Network/virtualNetworks/az-vnet-01/subnets/az-subnet-03",
                "name": "az-subnet-03",
                "security_group": ""
              }
            ],
            "tags": {
              "Critical": "5",
              "Deployment Group": "Azure CLI",
              "Environment": "Test",
              "Language": "Terraform"
            },
            "timeouts": null
          },
          "sensitive_attributes": [],
          "private": "eyJlMmJmYjczMC1lY2FhLTExZTYtOGY4OC0zNDM2M2JjN2M0YzAiOnsiY3JlYXRlIjoxODAwMDAwMDAwMDAwLCJkZWxldGUiOjE4MDAwMDAwMDAwMDAsInJlYWQiOjMwMDAwMDAwMDAwMCwidXBkYXRlIjoxODAwMDAwMDAwMDAwfX0="
        }
      ]
    }
  ],
  "check_results": null
}
